{
  "name": "ninja.js",
  "lockfileVersion": 2,
  "requires": true,
  "packages": {
    "": {
      "dependencies": {
        "asserts": "^4.0.2"
      }
    },
    "node_modules/asserts": {
      "version": "4.0.2",
      "resolved": "https://registry.npmjs.org/asserts/-/asserts-4.0.2.tgz",
      "integrity": "sha512-h0PRrjBaXQSuzBbzaRh526FiOU6vmITPD0+U3tbr4vBIxcSWWGpiaW30hdYE6gARjV2iPEWX2l4izvsZf505UQ==",
      "dependencies": {
        "type-of-is": "~3.3.0"
      },
      "engines": {
        "node": ">=0.10.5"
      }
    },
    "node_modules/type-of-is": {
      "version": "3.3.1",
      "resolved": "https://registry.npmjs.org/type-of-is/-/type-of-is-3.3.1.tgz",
      "integrity": "sha512-pOZzyNXIFkiExfQYzk0DelFxqdbcGsZUJJQBqf8JOTb3FHClIGMDf28//1+oNzmn+pall8rGZGJbc6eOJtF/ww==",
      "engines": {
        "node": ">=0.10.5"
      }
    }
  },
  "dependencies": {
    "asserts": {
      "version": "4.0.2",
      "resolved": "https://registry.npmjs.org/asserts/-/asserts-4.0.2.tgz",
      "integrity": "sha512-h0PRrjBaXQSuzBbzaRh526FiOU6vmITPD0+U3tbr4vBIxcSWWGpiaW30hdYE6gARjV2iPEWX2l4izvsZf505UQ==",
      "requires": {
        "type-of-is": "~3.3.0"
      }
    },
    "type-of-is": {
      "version": "3.3.1",
      "resolved": "https://registry.npmjs.org/type-of-is/-/type-of-is-3.3.1.tgz",
      "integrity": "sha512-pOZzyNXIFkiExfQYzk0DelFxqdbcGsZUJJQBqf8JOTb3FHClIGMDf28//1+oNzmn+pall8rGZGJbc6eOJtF/ww=="
    }
  }
}
